
Microsoft Visual Studio Solution File, Format Version 12.00
# Visual Studio Version 17
VisualStudioVersion = 17.7.34024.191
MinimumVisualStudioVersion = 10.0.40219.1
Project("{FAE04EC0-301F-11D3-BF4B-00C04F79EFBC}") = "WorldBuilder", "WorldBuilder\WorldBuilder.csproj", "{9F15ED22-26E7-4F0F-AADB-5B70CC6F95A5}"
EndProject
Global
	GlobalSection(SolutionConfigurationPlatforms) = preSolution
		Debug|Any CPU = Debug|Any CPU
		Release|Any CPU = Release|Any CPU
	EndGlobalSection
	GlobalSection(ProjectConfigurationPlatforms) = postSolution
		{9F15ED22-26E7-4F0F-AADB-5B70CC6F95A5}.Debug|Any CPU.ActiveCfg = Debug|Any CPU
		{9F15ED22-26E7-4F0F-AADB-5B70CC6F95A5}.Debug|Any CPU.Build.0 = Debug|Any CPU
		{9F15ED22-26E7-4F0F-AADB-5B70CC6F95A5}.Release|Any CPU.ActiveCfg = Release|Any CPU
		{9F15ED22-26E7-4F0F-AADB-5B70CC6F95A5}.Release|Any CPU.Build.0 = Release|Any CPU
	EndGlobalSection
	GlobalSection(SolutionProperties) = preSolution
		HideSolutionNode = FALSE
	EndGlobalSection
	GlobalSection(ExtensibilityGlobals) = postSolution
		SolutionGuid = {7E37FE50-626A-4BD5-B63D-05E25291D4C2}
	EndGlobalSection
EndGlobal
